{
    "_readme": [
        "This file locks the dependencies of your project to a known state",
        "Read more about it at https://getcomposer.org/doc/01-basic-usage.md#composer-lock-the-lock-file",
        "This file is @generated automatically"
    ],
    "hash": "a2e0599c8e29f33ed08db7b3cbf885cf",
    "content-hash": "c0de1f439693a974dde109c9944eb0a2",
    "packages": [
        {
            "name": "enqueue/amqp-lib",
            "version": "0.8.15",
            "source": {
                "type": "git",
                "url": "https://github.com/php-enqueue/amqp-lib.git",
                "reference": "eef44e0366be4ff93e9c1d775d1da2d8961dd6a5"
            },
            "dist": {
                "type": "zip",
                "url": "https://files.phpcomposer.com/files/php-enqueue/amqp-lib/eef44e0366be4ff93e9c1d775d1da2d8961dd6a5.zip",
                "reference": "eef44e0366be4ff93e9c1d775d1da2d8961dd6a5",
                "shasum": ""
            },
            "require": {
                "enqueue/amqp-tools": "^0.8.5@dev",
                "php": ">=5.6",
                "php-amqplib/php-amqplib": "^2.7@dev",
                "queue-interop/amqp-interop": "^0.7@dev",
                "queue-interop/queue-interop": "^0.6@dev"
            },
            "require-dev": {
                "enqueue/enqueue": "^0.8@dev",
                "enqueue/null": "^0.8@dev",
                "enqueue/test": "^0.8@dev",
                "phpunit/phpunit": "~5.4.0",
                "queue-interop/queue-spec": "^0.5.3@dev",
                "symfony/config": "^2.8|^3|^4",
                "symfony/dependency-injection": "^2.8|^3|^4"
            },
            "suggest": {
                "enqueue/enqueue": "If you'd like to use advanced features like Client abstract layer or Symfony integration features"
            },
            "type": "library",
            "extra": {
                "branch-alias": {
                    "dev-master": "0.8.x-dev"
                }
            },
            "autoload": {
                "psr-4": {
                    "Enqueue\\AmqpLib\\": ""
                },
                "exclude-from-classmap": [
                    "/Tests/"
                ]
            },
            "notification-url": "https://packagist.org/downloads/",
            "license": [
                "MIT"
            ],
            "description": "Message Queue Amqp Transport",
            "homepage": "https://enqueue.forma-pro.com/",
            "keywords": [
                "AMQP",
                "messaging",
                "queue"
            ],
            "time": "2018-01-12 14:43:59"
        },
        {
            "name": "enqueue/amqp-tools",
            "version": "0.8.14",
            "source": {
                "type": "git",
                "url": "https://github.com/php-enqueue/amqp-tools.git",
                "reference": "f375dee4d8609fca565a80df1c0f238bf0fe774f"
            },
            "dist": {
                "type": "zip",
                "url": "https://files.phpcomposer.com/files/php-enqueue/amqp-tools/f375dee4d8609fca565a80df1c0f238bf0fe774f.zip",
                "reference": "f375dee4d8609fca565a80df1c0f238bf0fe774f",
                "shasum": ""
            },
            "require": {
                "php": ">=5.6",
                "queue-interop/amqp-interop": "^0.7@dev",
                "queue-interop/queue-interop": "^0.6@dev"
            },
            "require-dev": {
                "enqueue/null": "^0.8@dev",
                "enqueue/test": "^0.8@dev",
                "phpunit/phpunit": "~5.4.0"
            },
            "type": "library",
            "extra": {
                "branch-alias": {
                    "dev-master": "0.8.x-dev"
                }
            },
            "autoload": {
                "psr-4": {
                    "Enqueue\\AmqpTools\\": ""
                },
                "exclude-from-classmap": [
                    "/Tests/"
                ]
            },
            "notification-url": "https://packagist.org/downloads/",
            "license": [
                "MIT"
            ],
            "description": "Message Queue Amqp Tools",
            "homepage": "https://enqueue.forma-pro.com/",
            "keywords": [
                "AMQP",
                "messaging",
                "queue"
            ],
            "time": "2018-01-10 12:00:35"
        },
        {
            "name": "php-amqplib/php-amqplib",
            "version": "v2.7.0",
            "source": {
                "type": "git",
                "url": "https://github.com/php-amqplib/php-amqplib.git",
                "reference": "f48748546e398d846134c594dfca9070c4c3b356"
            },
            "dist": {
                "type": "zip",
                "url": "https://files.phpcomposer.com/files/php-amqplib/php-amqplib/f48748546e398d846134c594dfca9070c4c3b356.zip",
                "reference": "f48748546e398d846134c594dfca9070c4c3b356",
                "shasum": ""
            },
            "require": {
                "ext-bcmath": "*",
                "ext-mbstring": "*",
                "php": ">=5.3.0"
            },
            "replace": {
                "videlalvaro/php-amqplib": "self.version"
            },
            "require-dev": {
                "phpunit/phpunit": "^4.8",
                "scrutinizer/ocular": "^1.1",
                "squizlabs/php_codesniffer": "^2.5"
            },
            "suggest": {
                "ext-sockets": "Use AMQPSocketConnection"
            },
            "type": "library",
            "extra": {
                "branch-alias": {
                    "dev-master": "2.7-dev"
                }
            },
            "autoload": {
                "psr-4": {
                    "PhpAmqpLib\\": "PhpAmqpLib/"
                }
            },
            "notification-url": "https://packagist.org/downloads/",
            "license": [
                "LGPL-2.1"
            ],
            "authors": [
                {
                    "name": "Alvaro Videla",
                    "role": "Original Maintainer"
                },
                {
                    "name": "John Kelly",
                    "email": "johnmkelly86@gmail.com",
                    "role": "Maintainer"
                },
                {
                    "name": "Raúl Araya",
                    "email": "nubeiro@gmail.com",
                    "role": "Maintainer"
                }
            ],
            "description": "Formerly videlalvaro/php-amqplib.  This library is a pure PHP implementation of the AMQP protocol. It's been tested against RabbitMQ.",
            "homepage": "https://github.com/php-amqplib/php-amqplib/",
            "keywords": [
                "message",
                "queue",
                "rabbitmq"
            ],
            "time": "2017-08-03 22:06:21"
        },
        {
            "name": "queue-interop/amqp-interop",
            "version": "0.7.2",
            "source": {
                "type": "git",
                "url": "https://github.com/queue-interop/amqp-interop.git",
                "reference": "03cfac42483d07ab45d1896a6a2e1d873a216bba"
            },
            "dist": {
                "type": "zip",
                "url": "https://files.phpcomposer.com/files/queue-interop/amqp-interop/03cfac42483d07ab45d1896a6a2e1d873a216bba.zip",
                "reference": "03cfac42483d07ab45d1896a6a2e1d873a216bba",
                "shasum": ""
            },
            "require": {
                "php": ">=5.5",
                "queue-interop/queue-interop": "^0.6@dev"
            },
            "require-dev": {
                "phpunit/phpunit": "~5.4.0"
            },
            "type": "library",
            "extra": {
                "branch-alias": {
                    "dev-master": "0.7.x-dev"
                }
            },
            "autoload": {
                "psr-4": {
                    "Interop\\Amqp\\": "src/"
                }
            },
            "notification-url": "https://packagist.org/downloads/",
            "license": [
                "MIT"
            ],
            "time": "2018-01-04 09:52:06"
        },
        {
            "name": "queue-interop/queue-interop",
            "version": "0.6.1",
            "source": {
                "type": "git",
                "url": "https://github.com/queue-interop/queue-interop.git",
                "reference": "38579005c0492c0275bbae31170edf30a7e740fa"
            },
            "dist": {
                "type": "zip",
                "url": "https://files.phpcomposer.com/files/queue-interop/queue-interop/38579005c0492c0275bbae31170edf30a7e740fa.zip",
                "reference": "38579005c0492c0275bbae31170edf30a7e740fa",
                "shasum": ""
            },
            "require": {
                "php": ">=5.5"
            },
            "type": "library",
            "extra": {
                "branch-alias": {
                    "dev-master": "0.6.x-dev"
                }
            },
            "autoload": {
                "psr-4": {
                    "Interop\\Queue\\": "src/"
                }
            },
            "notification-url": "https://packagist.org/downloads/",
            "license": [
                "MIT"
            ],
            "description": "Promoting the interoperability of MQs objects. Based on Java JMS",
            "homepage": "https://github.com/queue-interop/queue-interop",
            "keywords": [
                "MQ",
                "jms",
                "message queue",
                "messaging",
                "queue"
            ],
            "time": "2017-08-10 11:24:15"
        }
    ],
    "packages-dev": [],
    "aliases": [],
    "minimum-stability": "stable",
    "stability-flags": [],
    "prefer-stable": false,
    "prefer-lowest": false,
    "platform": [],
    "platform-dev": []
}
